// !$*UTF8*$!
{
	archiveVersion = 1;
	classes = {
	};
	objectVersion = 51;
	objects = {

/* Begin PBXBuildFile section */
		03D2DF36E1F3413FCA5AB53B /* AppDelegate.swift in Sources */ = {isa = PBXBuildFile; fileRef = EACA17C4C4B3FE976A0B6BFF /* AppDelegate.swift */; };
		0BA5F1FB063603F48FDC7B51 /* MyFramework3.framework in Embed Frameworks */ = {isa = PBXBuildFile; fileRef = B2BB077694AA95B0F5971D32 /* MyFramework3.framework */; settings = {ATTRIBUTES = (CodeSignOnCopy, RemoveHeadersOnCopy, ); }; };
		0CB63C63EDBC207755CB05E2 /* MyFramework2.framework in Embed Frameworks */ = {isa = PBXBuildFile; fileRef = 6F94E6D619E1BCD6CD7216CE /* MyFramework2.framework */; settings = {ATTRIBUTES = (CodeSignOnCopy, RemoveHeadersOnCopy, ); }; };
		13589D7F7E166DAA065A5F4E /* MyFramework.framework in Frameworks */ = {isa = PBXBuildFile; fileRef = FEC225365533E7B32D29B180 /* MyFramework.framework */; };
		42F83F9E0CEF164D02227C46 /* MyProtocol.swift in Sources */ = {isa = PBXBuildFile; fileRef = 9EE748A047F6E04E9CD71B18 /* MyProtocol.swift */; };
		97FD83E9D20579D2279BC51D /* ViewModelView.swift in Sources */ = {isa = PBXBuildFile; fileRef = 02430FCA446114F0A80E19FF /* ViewModelView.swift */; };
		9F80E572C98BDEBFEB90C6B7 /* MyFramework3.framework in Frameworks */ = {isa = PBXBuildFile; fileRef = B2BB077694AA95B0F5971D32 /* MyFramework3.framework */; };
		CF7E071FFC06A8CB40401FC3 /* MyFramework.framework in Embed Frameworks */ = {isa = PBXBuildFile; fileRef = FEC225365533E7B32D29B180 /* MyFramework.framework */; settings = {ATTRIBUTES = (CodeSignOnCopy, RemoveHeadersOnCopy, ); }; };
		E4D83339239A6BDD0022FCC7 /* MyAppTests.swift in Sources */ = {isa = PBXBuildFile; fileRef = E4D83338239A6BDD0022FCC7 /* MyAppTests.swift */; };
		E4D83340239A6BE90022FCC7 /* MyFramework3Mocks.generated.swift in Sources */ = {isa = PBXBuildFile; fileRef = E4D8332E239A6B130022FCC7 /* MyFramework3Mocks.generated.swift */; };
		E4D83341239A6BE90022FCC7 /* MyAppMocks.generated.swift in Sources */ = {isa = PBXBuildFile; fileRef = E4D8332F239A6B130022FCC7 /* MyAppMocks.generated.swift */; };
		E4D83342239A6BE90022FCC7 /* MyFramework2Mocks.generated.swift in Sources */ = {isa = PBXBuildFile; fileRef = E4D83330239A6B140022FCC7 /* MyFramework2Mocks.generated.swift */; };
		E4D83343239A6BE90022FCC7 /* MyFrameworkMocks.generated.swift in Sources */ = {isa = PBXBuildFile; fileRef = E4D83331239A6B140022FCC7 /* MyFrameworkMocks.generated.swift */; };
		E7B55E81E07C23781BD7F3B1 /* MyFramework.framework in Frameworks */ = {isa = PBXBuildFile; fileRef = FEC225365533E7B32D29B180 /* MyFramework.framework */; };
		F0C03A0121C523E6125F504C /* ViewModelView.swift in Sources */ = {isa = PBXBuildFile; fileRef = EF51D84124105CA0B7D8D495 /* ViewModelView.swift */; };
		F85C55CFA423ADF356CC5454 /* MyFramework2.framework in Frameworks */ = {isa = PBXBuildFile; fileRef = 6F94E6D619E1BCD6CD7216CE /* MyFramework2.framework */; };
/* End PBXBuildFile section */

/* Begin PBXContainerItemProxy section */
		2C3BE7E4C5AEC47B671E412A /* PBXContainerItemProxy */ = {
			isa = PBXContainerItemProxy;
			containerPortal = 8EE097F9B45A91F865BFFE74 /* Project object */;
			proxyType = 1;
			remoteGlobalIDString = 04B25C44D9079062F2C865EE;
			remoteInfo = MyFramework;
		};
		3F8ACEBF1F334F9D063E65E7 /* PBXContainerItemProxy */ = {
			isa = PBXContainerItemProxy;
			containerPortal = 8EE097F9B45A91F865BFFE74 /* Project object */;
			proxyType = 1;
			remoteGlobalIDString = 04B25C44D9079062F2C865EE;
			remoteInfo = MyFramework;
		};
		7D1BE374DDC486B27D63ECC9 /* PBXContainerItemProxy */ = {
			isa = PBXContainerItemProxy;
			containerPortal = 8EE097F9B45A91F865BFFE74 /* Project object */;
			proxyType = 1;
			remoteGlobalIDString = 381B08252B6D09819A93C9BF;
			remoteInfo = MyFramework3;
		};
		9AECC81728A18C9F0E1ABCDA /* PBXContainerItemProxy */ = {
			isa = PBXContainerItemProxy;
			containerPortal = 8EE097F9B45A91F865BFFE74 /* Project object */;
			proxyType = 1;
			remoteGlobalIDString = E41F56D127D703AE49AD4FBA;
			remoteInfo = MyFramework2;
		};
		E4D8333B239A6BDD0022FCC7 /* PBXContainerItemProxy */ = {
			isa = PBXContainerItemProxy;
			containerPortal = 8EE097F9B45A91F865BFFE74 /* Project object */;
			proxyType = 1;
			remoteGlobalIDString = AB8B65FEB40847CA078B51E3;
			remoteInfo = MyApp;
		};
/* End PBXContainerItemProxy section */

/* Begin PBXCopyFilesBuildPhase section */
		E1C5CFC948BEAA3C400026F5 /* Embed Frameworks */ = {
			isa = PBXCopyFilesBuildPhase;
			buildActionMask = 2147483647;
			dstPath = "";
			dstSubfolderSpec = 10;
			files = (
				CF7E071FFC06A8CB40401FC3 /* MyFramework.framework in Embed Frameworks */,
				0CB63C63EDBC207755CB05E2 /* MyFramework2.framework in Embed Frameworks */,
				0BA5F1FB063603F48FDC7B51 /* MyFramework3.framework in Embed Frameworks */,
			);
			name = "Embed Frameworks";
			runOnlyForDeploymentPostprocessing = 0;
		};
/* End PBXCopyFilesBuildPhase section */

/* Begin PBXFileReference section */
		02430FCA446114F0A80E19FF /* ViewModelView.swift */ = {isa = PBXFileReference; lastKnownFileType = sourcecode.swift; path = ViewModelView.swift; sourceTree = "<group>"; };
		6F94E6D619E1BCD6CD7216CE /* MyFramework2.framework */ = {isa = PBXFileReference; explicitFileType = wrapper.framework; includeInIndex = 0; path = MyFramework2.framework; sourceTree = BUILT_PRODUCTS_DIR; };
		78D0A6EA43408254B0537E5B /* MyApp.app */ = {isa = PBXFileReference; includeInIndex = 0; lastKnownFileType = wrapper.application; path = MyApp.app; sourceTree = BUILT_PRODUCTS_DIR; };
		9EE748A047F6E04E9CD71B18 /* MyProtocol.swift */ = {isa = PBXFileReference; lastKnownFileType = sourcecode.swift; path = MyProtocol.swift; sourceTree = "<group>"; };
		B2BB077694AA95B0F5971D32 /* MyFramework3.framework */ = {isa = PBXFileReference; explicitFileType = wrapper.framework; includeInIndex = 0; path = MyFramework3.framework; sourceTree = BUILT_PRODUCTS_DIR; };
		B748A88C854022D38A65BD15 /* Info.plist */ = {isa = PBXFileReference; lastKnownFileType = text.plist.xml; path = Info.plist; sourceTree = "<group>"; };
		E4D8332E239A6B130022FCC7 /* MyFramework3Mocks.generated.swift */ = {isa = PBXFileReference; lastKnownFileType = sourcecode.swift; path = MyFramework3Mocks.generated.swift; sourceTree = "<group>"; };
		E4D8332F239A6B130022FCC7 /* MyAppMocks.generated.swift */ = {isa = PBXFileReference; lastKnownFileType = sourcecode.swift; path = MyAppMocks.generated.swift; sourceTree = "<group>"; };
		E4D83330239A6B140022FCC7 /* MyFramework2Mocks.generated.swift */ = {isa = PBXFileReference; lastKnownFileType = sourcecode.swift; path = MyFramework2Mocks.generated.swift; sourceTree = "<group>"; };
		E4D83331239A6B140022FCC7 /* MyFrameworkMocks.generated.swift */ = {isa = PBXFileReference; lastKnownFileType = sourcecode.swift; path = MyFrameworkMocks.generated.swift; sourceTree = "<group>"; };
		E4D83336239A6BDD0022FCC7 /* MyAppTests.xctest */ = {isa = PBXFileReference; explicitFileType = wrapper.cfbundle; includeInIndex = 0; path = MyAppTests.xctest; sourceTree = BUILT_PRODUCTS_DIR; };
		E4D83338239A6BDD0022FCC7 /* MyAppTests.swift */ = {isa = PBXFileReference; lastKnownFileType = sourcecode.swift; path = MyAppTests.swift; sourceTree = "<group>"; };
		E4D8333A239A6BDD0022FCC7 /* Info.plist */ = {isa = PBXFileReference; lastKnownFileType = text.plist.xml; path = Info.plist; sourceTree = "<group>"; };
		EACA17C4C4B3FE976A0B6BFF /* AppDelegate.swift */ = {isa = PBXFileReference; lastKnownFileType = sourcecode.swift; path = AppDelegate.swift; sourceTree = "<group>"; };
		EF51D84124105CA0B7D8D495 /* ViewModelView.swift */ = {isa = PBXFileReference; lastKnownFileType = sourcecode.swift; path = ViewModelView.swift; sourceTree = "<group>"; };
		FEC225365533E7B32D29B180 /* MyFramework.framework */ = {isa = PBXFileReference; explicitFileType = wrapper.framework; includeInIndex = 0; path = MyFramework.framework; sourceTree = BUILT_PRODUCTS_DIR; };
/* End PBXFileReference section */

/* Begin PBXFrameworksBuildPhase section */
		5B9162E470F10708089BD239 /* Frameworks */ = {
			isa = PBXFrameworksBuildPhase;
			buildActionMask = 2147483647;
			files = (
				E7B55E81E07C23781BD7F3B1 /* MyFramework.framework in Frameworks */,
				F85C55CFA423ADF356CC5454 /* MyFramework2.framework in Frameworks */,
				9F80E572C98BDEBFEB90C6B7 /* MyFramework3.framework in Frameworks */,
			);
			runOnlyForDeploymentPostprocessing = 0;
		};
		E4D83333239A6BDD0022FCC7 /* Frameworks */ = {
			isa = PBXFrameworksBuildPhase;
			buildActionMask = 2147483647;
			files = (
			);
			runOnlyForDeploymentPostprocessing = 0;
		};
		F123359DC5B8A8A35B8BA19E /* Frameworks */ = {
			isa = PBXFrameworksBuildPhase;
			buildActionMask = 2147483647;
			files = (
				13589D7F7E166DAA065A5F4E /* MyFramework.framework in Frameworks */,
			);
			runOnlyForDeploymentPostprocessing = 0;
		};
/* End PBXFrameworksBuildPhase section */

/* Begin PBXGroup section */
		16A416578203C4A26B543C1D /* MyFramework3 */ = {
			isa = PBXGroup;
			children = (
				02430FCA446114F0A80E19FF /* ViewModelView.swift */,
			);
			path = MyFramework3;
			sourceTree = "<group>";
		};
		2417A7952E38CA22B4B32FC2 /* MyFramework2 */ = {
			isa = PBXGroup;
			children = (
				EF51D84124105CA0B7D8D495 /* ViewModelView.swift */,
			);
			path = MyFramework2;
			sourceTree = "<group>";
		};
		4C139C2D42A4763C6FBEE974 /* MyFramework */ = {
			isa = PBXGroup;
			children = (
				9EE748A047F6E04E9CD71B18 /* MyProtocol.swift */,
			);
			path = MyFramework;
			sourceTree = "<group>";
		};
		7F92603CCC4A3EE267C64468 /* MyApp */ = {
			isa = PBXGroup;
			children = (
				EACA17C4C4B3FE976A0B6BFF /* AppDelegate.swift */,
				B748A88C854022D38A65BD15 /* Info.plist */,
			);
			path = MyApp;
			sourceTree = "<group>";
		};
		9BD57E0A6B888D722886718A /* Products */ = {
			isa = PBXGroup;
			children = (
				78D0A6EA43408254B0537E5B /* MyApp.app */,
				FEC225365533E7B32D29B180 /* MyFramework.framework */,
				6F94E6D619E1BCD6CD7216CE /* MyFramework2.framework */,
				B2BB077694AA95B0F5971D32 /* MyFramework3.framework */,
				E4D83336239A6BDD0022FCC7 /* MyAppTests.xctest */,
			);
			name = Products;
			sourceTree = "<group>";
		};
		B33924E206F916B04EF16905 = {
			isa = PBXGroup;
			children = (
				E4D8332D239A6B130022FCC7 /* MockingbirdMocks */,
				7F92603CCC4A3EE267C64468 /* MyApp */,
				4C139C2D42A4763C6FBEE974 /* MyFramework */,
				2417A7952E38CA22B4B32FC2 /* MyFramework2 */,
				16A416578203C4A26B543C1D /* MyFramework3 */,
				E4D83337239A6BDD0022FCC7 /* MyAppTests */,
				9BD57E0A6B888D722886718A /* Products */,
			);
			sourceTree = "<group>";
		};
		E4D8332D239A6B130022FCC7 /* MockingbirdMocks */ = {
			isa = PBXGroup;
			children = (
				E4D8332E239A6B130022FCC7 /* MyFramework3Mocks.generated.swift */,
				E4D8332F239A6B130022FCC7 /* MyAppMocks.generated.swift */,
				E4D83330239A6B140022FCC7 /* MyFramework2Mocks.generated.swift */,
				E4D83331239A6B140022FCC7 /* MyFrameworkMocks.generated.swift */,
			);
			path = MockingbirdMocks;
			sourceTree = "<group>";
		};
		E4D83337239A6BDD0022FCC7 /* MyAppTests */ = {
			isa = PBXGroup;
			children = (
				E4D83338239A6BDD0022FCC7 /* MyAppTests.swift */,
				E4D8333A239A6BDD0022FCC7 /* Info.plist */,
			);
			path = MyAppTests;
			sourceTree = "<group>";
		};
/* End PBXGroup section */

/* Begin PBXNativeTarget section */
		04B25C44D9079062F2C865EE /* MyFramework */ = {
			isa = PBXNativeTarget;
			buildConfigurationList = 031D537305D8CA2785C74F7D /* Build configuration list for PBXNativeTarget "MyFramework" */;
			buildPhases = (
				936318EEC27B3B82ED0BB72F /* Sources */,
			);
			buildRules = (
			);
			dependencies = (
			);
			name = MyFramework;
			productName = MyFramework;
			productReference = FEC225365533E7B32D29B180 /* MyFramework.framework */;
			productType = "com.apple.product-type.framework";
		};
		381B08252B6D09819A93C9BF /* MyFramework3 */ = {
			isa = PBXNativeTarget;
			buildConfigurationList = F048CF829411C395A2A555EC /* Build configuration list for PBXNativeTarget "MyFramework3" */;
			buildPhases = (
				9B57E84B5E874BBE03673157 /* Sources */,
			);
			buildRules = (
			);
			dependencies = (
			);
			name = MyFramework3;
			productName = MyFramework3;
			productReference = B2BB077694AA95B0F5971D32 /* MyFramework3.framework */;
			productType = "com.apple.product-type.framework";
		};
		AB8B65FEB40847CA078B51E3 /* MyApp */ = {
			isa = PBXNativeTarget;
			buildConfigurationList = B8000D8B4CC205FA630C4956 /* Build configuration list for PBXNativeTarget "MyApp" */;
			buildPhases = (
				0E94085A318465981270B25B /* Sources */,
				5B9162E470F10708089BD239 /* Frameworks */,
				E1C5CFC948BEAA3C400026F5 /* Embed Frameworks */,
			);
			buildRules = (
			);
			dependencies = (
				833454005D685BF0E16A854C /* PBXTargetDependency */,
				C14C0B2A352DC3FAFF4305CB /* PBXTargetDependency */,
				8605C53CADE364A84C222BA5 /* PBXTargetDependency */,
			);
			name = MyApp;
			productName = MyApp;
			productReference = 78D0A6EA43408254B0537E5B /* MyApp.app */;
			productType = "com.apple.product-type.application";
		};
		E41F56D127D703AE49AD4FBA /* MyFramework2 */ = {
			isa = PBXNativeTarget;
			buildConfigurationList = FB922577477E7D81C61350F0 /* Build configuration list for PBXNativeTarget "MyFramework2" */;
			buildPhases = (
				03BA7E8E42CFB103A4667F9B /* Sources */,
				F123359DC5B8A8A35B8BA19E /* Frameworks */,
			);
			buildRules = (
			);
			dependencies = (
				CB3A5287F5A0DC1A07F98D8D /* PBXTargetDependency */,
			);
			name = MyFramework2;
			productName = MyFramework2;
			productReference = 6F94E6D619E1BCD6CD7216CE /* MyFramework2.framework */;
			productType = "com.apple.product-type.framework";
		};
		E4D83335239A6BDD0022FCC7 /* MyAppTests */ = {
			isa = PBXNativeTarget;
			buildConfigurationList = E4D8333D239A6BDD0022FCC7 /* Build configuration list for PBXNativeTarget "MyAppTests" */;
			buildPhases = (
				E4D83332239A6BDD0022FCC7 /* Sources */,
				E4D83333239A6BDD0022FCC7 /* Frameworks */,
				E4D83334239A6BDD0022FCC7 /* Resources */,
			);
			buildRules = (
			);
			dependencies = (
				E4D8333C239A6BDD0022FCC7 /* PBXTargetDependency */,
			);
			name = MyAppTests;
			productName = MyAppTests;
			productReference = E4D83336239A6BDD0022FCC7 /* MyAppTests.xctest */;
			productType = "com.apple.product-type.bundle.unit-test";
		};
/* End PBXNativeTarget section */

/* Begin PBXProject section */
		8EE097F9B45A91F865BFFE74 /* Project object */ = {
			isa = PBXProject;
			attributes = {
				LastSwiftUpdateCheck = 1120;
				LastUpgradeCheck = 1020;
				TargetAttributes = {
					E4D83335239A6BDD0022FCC7 = {
						CreatedOnToolsVersion = 11.2.1;
						TestTargetID = AB8B65FEB40847CA078B51E3;
					};
				};
			};
			buildConfigurationList = 4171C9B8E9CB5C104D191546 /* Build configuration list for PBXProject "MyProject" */;
			compatibilityVersion = "Xcode 10.0";
			developmentRegion = en;
			hasScannedForEncodings = 0;
			knownRegions = (
				en,
			);
			mainGroup = B33924E206F916B04EF16905;
			projectDirPath = "";
			projectRoot = "";
			targets = (
				AB8B65FEB40847CA078B51E3 /* MyApp */,
				04B25C44D9079062F2C865EE /* MyFramework */,
				E41F56D127D703AE49AD4FBA /* MyFramework2 */,
				381B08252B6D09819A93C9BF /* MyFramework3 */,
				E4D83335239A6BDD0022FCC7 /* MyAppTests */,
			);
		};
/* End PBXProject section */

/* Begin PBXResourcesBuildPhase section */
		E4D83334239A6BDD0022FCC7 /* Resources */ = {
			isa = PBXResourcesBuildPhase;
			buildActionMask = 2147483647;
			files = (
			);
			runOnlyForDeploymentPostprocessing = 0;
		};
/* End PBXResourcesBuildPhase section */

/* Begin PBXSourcesBuildPhase section */
		03BA7E8E42CFB103A4667F9B /* Sources */ = {
			isa = PBXSourcesBuildPhase;
			buildActionMask = 2147483647;
			files = (
				F0C03A0121C523E6125F504C /* ViewModelView.swift in Sources */,
			);
			runOnlyForDeploymentPostprocessing = 0;
		};
		0E94085A318465981270B25B /* Sources */ = {
			isa = PBXSourcesBuildPhase;
			buildActionMask = 2147483647;
			files = (
				03D2DF36E1F3413FCA5AB53B /* AppDelegate.swift in Sources */,
			);
			runOnlyForDeploymentPostprocessing = 0;
		};
		936318EEC27B3B82ED0BB72F /* Sources */ = {
			isa = PBXSourcesBuildPhase;
			buildActionMask = 2147483647;
			files = (
				42F83F9E0CEF164D02227C46 /* MyProtocol.swift in Sources */,
			);
			runOnlyForDeploymentPostprocessing = 0;
		};
		9B57E84B5E874BBE03673157 /* Sources */ = {
			isa = PBXSourcesBuildPhase;
			buildActionMask = 2147483647;
			files = (
				97FD83E9D20579D2279BC51D /* ViewModelView.swift in Sources */,
			);
			runOnlyForDeploymentPostprocessing = 0;
		};
		E4D83332239A6BDD0022FCC7 /* Sources */ = {
			isa = PBXSourcesBuildPhase;
			buildActionMask = 2147483647;
			files = (
				E4D83342239A6BE90022FCC7 /* MyFramework2Mocks.generated.swift in Sources */,
				E4D83343239A6BE90022FCC7 /* MyFrameworkMocks.generated.swift in Sources */,
				E4D83339239A6BDD0022FCC7 /* MyAppTests.swift in Sources */,
				E4D83341239A6BE90022FCC7 /* MyAppMocks.generated.swift in Sources */,
				E4D83340239A6BE90022FCC7 /* MyFramework3Mocks.generated.swift in Sources */,
			);
			runOnlyForDeploymentPostprocessing = 0;
		};
/* End PBXSourcesBuildPhase section */

/* Begin PBXTargetDependency section */
		833454005D685BF0E16A854C /* PBXTargetDependency */ = {
			isa = PBXTargetDependency;
			target = 04B25C44D9079062F2C865EE /* MyFramework */;
			targetProxy = 3F8ACEBF1F334F9D063E65E7 /* PBXContainerItemProxy */;
		};
		8605C53CADE364A84C222BA5 /* PBXTargetDependency */ = {
			isa = PBXTargetDependency;
			target = 381B08252B6D09819A93C9BF /* MyFramework3 */;
			targetProxy = 7D1BE374DDC486B27D63ECC9 /* PBXContainerItemProxy */;
		};
		C14C0B2A352DC3FAFF4305CB /* PBXTargetDependency */ = {
			isa = PBXTargetDependency;
			target = E41F56D127D703AE49AD4FBA /* MyFramework2 */;
			targetProxy = 9AECC81728A18C9F0E1ABCDA /* PBXContainerItemProxy */;
		};
		CB3A5287F5A0DC1A07F98D8D /* PBXTargetDependency */ = {
			isa = PBXTargetDependency;
			target = 04B25C44D9079062F2C865EE /* MyFramework */;
			targetProxy = 2C3BE7E4C5AEC47B671E412A /* PBXContainerItemProxy */;
		};
		E4D8333C239A6BDD0022FCC7 /* PBXTargetDependency */ = {
			isa = PBXTargetDependency;
			target = AB8B65FEB40847CA078B51E3 /* MyApp */;
			targetProxy = E4D8333B239A6BDD0022FCC7 /* PBXContainerItemProxy */;
		};
/* End PBXTargetDependency section */

/* Begin XCBuildConfiguration section */
		2B57331821AB11DE964D12D8 /* Release */ = {
			isa = XCBuildConfiguration;
			buildSettings = {
				CODE_SIGN_IDENTITY = "";
				CURRENT_PROJECT_VERSION = 1;
				DEFINES_MODULE = YES;
				DYLIB_COMPATIBILITY_VERSION = 1;
				DYLIB_CURRENT_VERSION = 1;
				DYLIB_INSTALL_NAME_BASE = "@rpath";
				INFOPLIST_FILE = "FW-Info.plist";
				INSTALL_PATH = "$(LOCAL_LIBRARY_DIR)/Frameworks";
				LD_RUNPATH_SEARCH_PATHS = (
					"$(inherited)",
					"@executable_path/Frameworks",
				);
				PRODUCT_BUNDLE_IDENTIFIER = com.myapp.MyFramework3;
				SDKROOT = iphoneos;
				SKIP_INSTALL = YES;
				TARGETED_DEVICE_FAMILY = "1,2";
				VERSIONING_SYSTEM = "apple-generic";
			};
			name = Release;
		};
		3968C2A9ACB7D0807C63341B /* Release */ = {
			isa = XCBuildConfiguration;
			buildSettings = {
				CODE_SIGN_IDENTITY = "";
				CURRENT_PROJECT_VERSION = 1;
				DEFINES_MODULE = YES;
				DYLIB_COMPATIBILITY_VERSION = 1;
				DYLIB_CURRENT_VERSION = 1;
				DYLIB_INSTALL_NAME_BASE = "@rpath";
				INFOPLIST_FILE = "FW-Info.plist";
				INSTALL_PATH = "$(LOCAL_LIBRARY_DIR)/Frameworks";
				LD_RUNPATH_SEARCH_PATHS = (
					"$(inherited)",
					"@executable_path/Frameworks",
				);
				PRODUCT_BUNDLE_IDENTIFIER = com.myapp.MyFramework2;
				SDKROOT = iphoneos;
				SKIP_INSTALL = YES;
				TARGETED_DEVICE_FAMILY = "1,2";
				VERSIONING_SYSTEM = "apple-generic";
			};
			name = Release;
		};
		66BE93A1F95DD8D810A7BBB1 /* Debug */ = {
			isa = XCBuildConfiguration;
			buildSettings = {
				ALWAYS_SEARCH_USER_PATHS = NO;
				CLANG_ANALYZER_NONNULL = YES;
				CLANG_ANALYZER_NUMBER_OBJECT_CONVERSION = YES_AGGRESSIVE;
				CLANG_CXX_LANGUAGE_STANDARD = "gnu++14";
				CLANG_CXX_LIBRARY = "libc++";
				CLANG_ENABLE_MODULES = YES;
				CLANG_ENABLE_OBJC_ARC = YES;
				CLANG_WARN_BLOCK_CAPTURE_AUTORELEASING = YES;
				CLANG_WARN_BOOL_CONVERSION = YES;
				CLANG_WARN_COMMA = YES;
				CLANG_WARN_CONSTANT_CONVERSION = YES;
				CLANG_WARN_DEPRECATED_OBJC_IMPLEMENTATIONS = YES;
				CLANG_WARN_DIRECT_OBJC_ISA_USAGE = YES_ERROR;
				CLANG_WARN_DOCUMENTATION_COMMENTS = YES;
				CLANG_WARN_EMPTY_BODY = YES;
				CLANG_WARN_ENUM_CONVERSION = YES;
				CLANG_WARN_INFINITE_RECURSION = YES;
				CLANG_WARN_INT_CONVERSION = YES;
				CLANG_WARN_NON_LITERAL_NULL_CONVERSION = YES;
				CLANG_WARN_OBJC_IMPLICIT_RETAIN_SELF = YES;
				CLANG_WARN_OBJC_LITERAL_CONVERSION = YES;
				CLANG_WARN_OBJC_ROOT_CLASS = YES_ERROR;
				CLANG_WARN_RANGE_LOOP_ANALYSIS = YES;
				CLANG_WARN_STRICT_PROTOTYPES = YES;
				CLANG_WARN_SUSPICIOUS_MOVE = YES;
				CLANG_WARN_UNGUARDED_AVAILABILITY = YES_AGGRESSIVE;
				CLANG_WARN_UNREACHABLE_CODE = YES;
				CLANG_WARN__DUPLICATE_METHOD_MATCH = YES;
				COPY_PHASE_STRIP = NO;
				DEBUG_INFORMATION_FORMAT = dwarf;
				ENABLE_STRICT_OBJC_MSGSEND = YES;
				ENABLE_TESTABILITY = YES;
				GCC_C_LANGUAGE_STANDARD = gnu11;
				GCC_DYNAMIC_NO_PIC = NO;
				GCC_NO_COMMON_BLOCKS = YES;
				GCC_OPTIMIZATION_LEVEL = 0;
				GCC_PREPROCESSOR_DEFINITIONS = (
					"$(inherited)",
					"DEBUG=1",
				);
				GCC_WARN_64_TO_32_BIT_CONVERSION = YES;
				GCC_WARN_ABOUT_RETURN_TYPE = YES_ERROR;
				GCC_WARN_UNDECLARED_SELECTOR = YES;
				GCC_WARN_UNINITIALIZED_AUTOS = YES_AGGRESSIVE;
				GCC_WARN_UNUSED_FUNCTION = YES;
				GCC_WARN_UNUSED_VARIABLE = YES;
				MTL_ENABLE_DEBUG_INFO = YES;
				ONLY_ACTIVE_ARCH = YES;
				PRODUCT_NAME = "$(TARGET_NAME)";
				SDKROOT = iphoneos;
				SWIFT_ACTIVE_COMPILATION_CONDITIONS = DEBUG;
				SWIFT_OPTIMIZATION_LEVEL = "-Onone";
				SWIFT_VERSION = 5.0;
			};
			name = Debug;
		};
		7833651E424A022C4ECD774B /* Debug */ = {
			isa = XCBuildConfiguration;
			buildSettings = {
				CODE_SIGN_IDENTITY = "";
				CURRENT_PROJECT_VERSION = 1;
				DEFINES_MODULE = YES;
				DYLIB_COMPATIBILITY_VERSION = 1;
				DYLIB_CURRENT_VERSION = 1;
				DYLIB_INSTALL_NAME_BASE = "@rpath";
				INFOPLIST_FILE = "FW-Info.plist";
				INSTALL_PATH = "$(LOCAL_LIBRARY_DIR)/Frameworks";
				LD_RUNPATH_SEARCH_PATHS = (
					"$(inherited)",
					"@executable_path/Frameworks",
				);
				PRODUCT_BUNDLE_IDENTIFIER = com.myapp.MyFramework2;
				SDKROOT = iphoneos;
				SKIP_INSTALL = YES;
				TARGETED_DEVICE_FAMILY = "1,2";
				VERSIONING_SYSTEM = "apple-generic";
			};
			name = Debug;
		};
		864670F5D34B9D5DE448D3AF /* Debug */ = {
			isa = XCBuildConfiguration;
			buildSettings = {
				CODE_SIGN_IDENTITY = "";
				CURRENT_PROJECT_VERSION = 1;
				DEFINES_MODULE = YES;
				DYLIB_COMPATIBILITY_VERSION = 1;
				DYLIB_CURRENT_VERSION = 1;
				DYLIB_INSTALL_NAME_BASE = "@rpath";
				INFOPLIST_FILE = "FW-Info.plist";
				INSTALL_PATH = "$(LOCAL_LIBRARY_DIR)/Frameworks";
				LD_RUNPATH_SEARCH_PATHS = (
					"$(inherited)",
					"@executable_path/Frameworks",
				);
				PRODUCT_BUNDLE_IDENTIFIER = com.myapp.MyFramework;
				SDKROOT = iphoneos;
				SKIP_INSTALL = YES;
				TARGETED_DEVICE_FAMILY = "1,2";
				VERSIONING_SYSTEM = "apple-generic";
			};
			name = Debug;
		};
		934C6016AA9692216F956AF5 /* Release */ = {
			isa = XCBuildConfiguration;
			buildSettings = {
				ALWAYS_SEARCH_USER_PATHS = NO;
				CLANG_ANALYZER_NONNULL = YES;
				CLANG_ANALYZER_NUMBER_OBJECT_CONVERSION = YES_AGGRESSIVE;
				CLANG_CXX_LANGUAGE_STANDARD = "gnu++14";
				CLANG_CXX_LIBRARY = "libc++";
				CLANG_ENABLE_MODULES = YES;
				CLANG_ENABLE_OBJC_ARC = YES;
				CLANG_WARN_BLOCK_CAPTURE_AUTORELEASING = YES;
				CLANG_WARN_BOOL_CONVERSION = YES;
				CLANG_WARN_COMMA = YES;
				CLANG_WARN_CONSTANT_CONVERSION = YES;
				CLANG_WARN_DEPRECATED_OBJC_IMPLEMENTATIONS = YES;
				CLANG_WARN_DIRECT_OBJC_ISA_USAGE = YES_ERROR;
				CLANG_WARN_DOCUMENTATION_COMMENTS = YES;
				CLANG_WARN_EMPTY_BODY = YES;
				CLANG_WARN_ENUM_CONVERSION = YES;
				CLANG_WARN_INFINITE_RECURSION = YES;
				CLANG_WARN_INT_CONVERSION = YES;
				CLANG_WARN_NON_LITERAL_NULL_CONVERSION = YES;
				CLANG_WARN_OBJC_IMPLICIT_RETAIN_SELF = YES;
				CLANG_WARN_OBJC_LITERAL_CONVERSION = YES;
				CLANG_WARN_OBJC_ROOT_CLASS = YES_ERROR;
				CLANG_WARN_RANGE_LOOP_ANALYSIS = YES;
				CLANG_WARN_STRICT_PROTOTYPES = YES;
				CLANG_WARN_SUSPICIOUS_MOVE = YES;
				CLANG_WARN_UNGUARDED_AVAILABILITY = YES_AGGRESSIVE;
				CLANG_WARN_UNREACHABLE_CODE = YES;
				CLANG_WARN__DUPLICATE_METHOD_MATCH = YES;
				COPY_PHASE_STRIP = NO;
				DEBUG_INFORMATION_FORMAT = "dwarf-with-dsym";
				ENABLE_NS_ASSERTIONS = NO;
				ENABLE_STRICT_OBJC_MSGSEND = YES;
				GCC_C_LANGUAGE_STANDARD = gnu11;
				GCC_NO_COMMON_BLOCKS = YES;
				GCC_WARN_64_TO_32_BIT_CONVERSION = YES;
				GCC_WARN_ABOUT_RETURN_TYPE = YES_ERROR;
				GCC_WARN_UNDECLARED_SELECTOR = YES;
				GCC_WARN_UNINITIALIZED_AUTOS = YES_AGGRESSIVE;
				GCC_WARN_UNUSED_FUNCTION = YES;
				GCC_WARN_UNUSED_VARIABLE = YES;
				PRODUCT_NAME = "$(TARGET_NAME)";
				SDKROOT = iphoneos;
				SWIFT_COMPILATION_MODE = wholemodule;
				SWIFT_VERSION = 5.0;
				VALIDATE_PRODUCT = YES;
			};
			name = Release;
		};
		9ED1BF3C206F66F3655909E3 /* Debug */ = {
			isa = XCBuildConfiguration;
			buildSettings = {
				CODE_SIGN_IDENTITY = "";
				CURRENT_PROJECT_VERSION = 1;
				DEFINES_MODULE = YES;
				DYLIB_COMPATIBILITY_VERSION = 1;
				DYLIB_CURRENT_VERSION = 1;
				DYLIB_INSTALL_NAME_BASE = "@rpath";
				INFOPLIST_FILE = "FW-Info.plist";
				INSTALL_PATH = "$(LOCAL_LIBRARY_DIR)/Frameworks";
				LD_RUNPATH_SEARCH_PATHS = (
					"$(inherited)",
					"@executable_path/Frameworks",
				);
				PRODUCT_BUNDLE_IDENTIFIER = com.myapp.MyFramework3;
				SDKROOT = iphoneos;
				SKIP_INSTALL = YES;
				TARGETED_DEVICE_FAMILY = "1,2";
				VERSIONING_SYSTEM = "apple-generic";
			};
			name = Debug;
		};
		C4213A508504DD08839C1210 /* Release */ = {
			isa = XCBuildConfiguration;
			buildSettings = {
				CODE_SIGN_IDENTITY = "";
				CURRENT_PROJECT_VERSION = 1;
				DEFINES_MODULE = YES;
				DYLIB_COMPATIBILITY_VERSION = 1;
				DYLIB_CURRENT_VERSION = 1;
				DYLIB_INSTALL_NAME_BASE = "@rpath";
				INFOPLIST_FILE = "FW-Info.plist";
				INSTALL_PATH = "$(LOCAL_LIBRARY_DIR)/Frameworks";
				LD_RUNPATH_SEARCH_PATHS = (
					"$(inherited)",
					"@executable_path/Frameworks",
				);
				PRODUCT_BUNDLE_IDENTIFIER = com.myapp.MyFramework;
				SDKROOT = iphoneos;
				SKIP_INSTALL = YES;
				TARGETED_DEVICE_FAMILY = "1,2";
				VERSIONING_SYSTEM = "apple-generic";
			};
			name = Release;
		};
		E4D8333E239A6BDD0022FCC7 /* Debug */ = {
			isa = XCBuildConfiguration;
			buildSettings = {
				BUNDLE_LOADER = "$(TEST_HOST)";
				CLANG_ENABLE_OBJC_WEAK = YES;
				CODE_SIGN_STYLE = Automatic;
				GCC_PREPROCESSOR_DEFINITIONS = (
					"DEBUG=1",
					"$(inherited)",
				);
				INFOPLIST_FILE = MyAppTests/Info.plist;
				IPHONEOS_DEPLOYMENT_TARGET = 13.2;
				LD_RUNPATH_SEARCH_PATHS = (
					"$(inherited)",
					"@executable_path/Frameworks",
					"@loader_path/Frameworks",
				);
				MTL_ENABLE_DEBUG_INFO = INCLUDE_SOURCE;
				MTL_FAST_MATH = YES;
				PRODUCT_BUNDLE_IDENTIFIER = com.monese.MyAppTests;
				PRODUCT_NAME = "$(TARGET_NAME)";
				SWIFT_VERSION = 5.0;
				TARGETED_DEVICE_FAMILY = "1,2";
				TEST_HOST = "$(BUILT_PRODUCTS_DIR)/MyApp.app/MyApp";
			};
			name = Debug;
		};
		E4D8333F239A6BDD0022FCC7 /* Release */ = {
			isa = XCBuildConfiguration;
			buildSettings = {
				BUNDLE_LOADER = "$(TEST_HOST)";
				CLANG_ENABLE_OBJC_WEAK = YES;
				CODE_SIGN_STYLE = Automatic;
				INFOPLIST_FILE = MyAppTests/Info.plist;
				IPHONEOS_DEPLOYMENT_TARGET = 13.2;
				LD_RUNPATH_SEARCH_PATHS = (
					"$(inherited)",
					"@executable_path/Frameworks",
					"@loader_path/Frameworks",
				);
				MTL_ENABLE_DEBUG_INFO = NO;
				MTL_FAST_MATH = YES;
				PRODUCT_BUNDLE_IDENTIFIER = com.monese.MyAppTests;
				PRODUCT_NAME = "$(TARGET_NAME)";
				SWIFT_OPTIMIZATION_LEVEL = "-O";
				SWIFT_VERSION = 5.0;
				TARGETED_DEVICE_FAMILY = "1,2";
				TEST_HOST = "$(BUILT_PRODUCTS_DIR)/MyApp.app/MyApp";
			};
			name = Release;
		};
		E9AD10307A5C34C4DD4B254B /* Release */ = {
			isa = XCBuildConfiguration;
			buildSettings = {
				ASSETCATALOG_COMPILER_APPICON_NAME = AppIcon;
				CODE_SIGN_IDENTITY = "iPhone Developer";
				INFOPLIST_FILE = MyApp/Info.plist;
				LD_RUNPATH_SEARCH_PATHS = (
					"$(inherited)",
					"@executable_path/Frameworks",
				);
				PRODUCT_BUNDLE_IDENTIFIER = com.myapp.MyApp;
				SDKROOT = iphoneos;
				TARGETED_DEVICE_FAMILY = "1,2";
			};
			name = Release;
		};
		F6FFD0BDD7D2132CFBCDD24F /* Debug */ = {
			isa = XCBuildConfiguration;
			buildSettings = {
				ASSETCATALOG_COMPILER_APPICON_NAME = AppIcon;
				CODE_SIGN_IDENTITY = "iPhone Developer";
				INFOPLIST_FILE = MyApp/Info.plist;
				LD_RUNPATH_SEARCH_PATHS = (
					"$(inherited)",
					"@executable_path/Frameworks",
				);
				PRODUCT_BUNDLE_IDENTIFIER = com.myapp.MyApp;
				SDKROOT = iphoneos;
				TARGETED_DEVICE_FAMILY = "1,2";
			};
			name = Debug;
		};
/* End XCBuildConfiguration section */

/* Begin XCConfigurationList section */
		031D537305D8CA2785C74F7D /* Build configuration list for PBXNativeTarget "MyFramework" */ = {
			isa = XCConfigurationList;
			buildConfigurations = (
				864670F5D34B9D5DE448D3AF /* Debug */,
				C4213A508504DD08839C1210 /* Release */,
			);
			defaultConfigurationIsVisible = 0;
			defaultConfigurationName = "";
		};
		4171C9B8E9CB5C104D191546 /* Build configuration list for PBXProject "MyProject" */ = {
			isa = XCConfigurationList;
			buildConfigurations = (
				66BE93A1F95DD8D810A7BBB1 /* Debug */,
				934C6016AA9692216F956AF5 /* Release */,
			);
			defaultConfigurationIsVisible = 0;
			defaultConfigurationName = Debug;
		};
		B8000D8B4CC205FA630C4956 /* Build configuration list for PBXNativeTarget "MyApp" */ = {
			isa = XCConfigurationList;
			buildConfigurations = (
				F6FFD0BDD7D2132CFBCDD24F /* Debug */,
				E9AD10307A5C34C4DD4B254B /* Release */,
			);
			defaultConfigurationIsVisible = 0;
			defaultConfigurationName = "";
		};
		E4D8333D239A6BDD0022FCC7 /* Build configuration list for PBXNativeTarget "MyAppTests" */ = {
			isa = XCConfigurationList;
			buildConfigurations = (
				E4D8333E239A6BDD0022FCC7 /* Debug */,
				E4D8333F239A6BDD0022FCC7 /* Release */,
			);
			defaultConfigurationIsVisible = 0;
			defaultConfigurationName = Debug;
		};
		F048CF829411C395A2A555EC /* Build configuration list for PBXNativeTarget "MyFramework3" */ = {
			isa = XCConfigurationList;
			buildConfigurations = (
				9ED1BF3C206F66F3655909E3 /* Debug */,
				2B57331821AB11DE964D12D8 /* Release */,
			);
			defaultConfigurationIsVisible = 0;
			defaultConfigurationName = "";
		};
		FB922577477E7D81C61350F0 /* Build configuration list for PBXNativeTarget "MyFramework2" */ = {
			isa = XCConfigurationList;
			buildConfigurations = (
				7833651E424A022C4ECD774B /* Debug */,
				3968C2A9ACB7D0807C63341B /* Release */,
			);
			defaultConfigurationIsVisible = 0;
			defaultConfigurationName = "";
		};
/* End XCConfigurationList section */
	};
	rootObject = 8EE097F9B45A91F865BFFE74 /* Project object */;
}
